
Microsoft Visual Studio Solution File, Format Version 12.00
# Visual Studio Version 17
VisualStudioVersion = 17.10.35013.160
MinimumVisualStudioVersion = 10.0.40219.1
Project("{9A19103F-16F7-4668-BE54-9A1E7A4F7556}") = "InfoDisplay.Core", "InfoDisplay.Core\InfoDisplay.Core.csproj", "{E55784B8-3488-4279-B831-4BBDF72B00EE}"
EndProject
Project("{9A19103F-16F7-4668-BE54-9A1E7A4F7556}") = "InfoDisplay.Player", "InfoDisplay.Player\InfoDisplay.Player.csproj", "{6B73ACA2-24F3-40D9-A6D1-43DF414042BB}"
EndProject
Project("{9A19103F-16F7-4668-BE54-9A1E7A4F7556}") = "InfoDisplay.Config", "InfoDisplay.Config\InfoDisplay.Config.csproj", "{032C5F35-BAC7-4B4B-B225-8AA1F46C235E}"
EndProject
Global
	GlobalSection(SolutionConfigurationPlatforms) = preSolution
		Debug|Any CPU = Debug|Any CPU
		Release|Any CPU = Release|Any CPU
	EndGlobalSection
	GlobalSection(ProjectConfigurationPlatforms) = postSolution
		{E55784B8-3488-4279-B831-4BBDF72B00EE}.Debug|Any CPU.ActiveCfg = Debug|Any CPU
		{E55784B8-3488-4279-B831-4BBDF72B00EE}.Debug|Any CPU.Build.0 = Debug|Any CPU
		{E55784B8-3488-4279-B831-4BBDF72B00EE}.Release|Any CPU.ActiveCfg = Release|Any CPU
		{E55784B8-3488-4279-B831-4BBDF72B00EE}.Release|Any CPU.Build.0 = Release|Any CPU
		{6B73ACA2-24F3-40D9-A6D1-43DF414042BB}.Debug|Any CPU.ActiveCfg = Debug|Any CPU
		{6B73ACA2-24F3-40D9-A6D1-43DF414042BB}.Debug|Any CPU.Build.0 = Debug|Any CPU
		{6B73ACA2-24F3-40D9-A6D1-43DF414042BB}.Release|Any CPU.ActiveCfg = Release|Any CPU
		{6B73ACA2-24F3-40D9-A6D1-43DF414042BB}.Release|Any CPU.Build.0 = Release|Any CPU
		{032C5F35-BAC7-4B4B-B225-8AA1F46C235E}.Debug|Any CPU.ActiveCfg = Debug|Any CPU
		{032C5F35-BAC7-4B4B-B225-8AA1F46C235E}.Debug|Any CPU.Build.0 = Debug|Any CPU
		{032C5F35-BAC7-4B4B-B225-8AA1F46C235E}.Release|Any CPU.ActiveCfg = Release|Any CPU
		{032C5F35-BAC7-4B4B-B225-8AA1F46C235E}.Release|Any CPU.Build.0 = Release|Any CPU
	EndGlobalSection
	GlobalSection(SolutionProperties) = preSolution
		HideSolutionNode = FALSE
	EndGlobalSection
	GlobalSection(ExtensibilityGlobals) = postSolution
		SolutionGuid = {92E6B330-AF9F-42F4-B23E-B2E8B0F0B013}
	EndGlobalSection
EndGlobal
